PODS:
  - Alamofire (4.7.3)
  - ObjectMapper (3.3.0)
  - ReachabilitySwift (4.2.1)

DEPENDENCIES:
  - Alamofire
  - ObjectMapper
  - ReachabilitySwift

SPEC REPOS:
  https://github.com/cocoapods/specs.git:
    - Alamofire
    - ObjectMapper
    - ReachabilitySwift

SPEC CHECKSUMS:
  Alamofire: c7287b6e5d7da964a70935e5db17046b7fde6568
  ObjectMapper: b612bf8c8e99c4dc0bb6013a51f7c27966ed5da9
  ReachabilitySwift: 35720ffea59c1c76d15f885be77fd33e33985427

PODFILE CHECKSUM: 420afe9b3c60471ce4313bcabbdee5662b16f1cd

COCOAPODS: 1.5.3
